// !$*UTF8*$!
{
	archiveVersion = 1;
	classes = {
	};
	objectVersion = 46;
	objects = {

/* Begin PBXBuildFile section */
		651CCE1D1C762EAE00063198 /* AppDelegate.swift in Sources */ = {isa = PBXBuildFile; fileRef = 651CCE1C1C762EAE00063198 /* AppDelegate.swift */; };
		651CCE1F1C762EAE00063198 /* ViewController.swift in Sources */ = {isa = PBXBuildFile; fileRef = 651CCE1E1C762EAE00063198 /* ViewController.swift */; };
		651CCE221C762EAE00063198 /* Main.storyboard in Resources */ = {isa = PBXBuildFile; fileRef = 651CCE201C762EAE00063198 /* Main.storyboard */; };
		651CCE241C762EAE00063198 /* Assets.xcassets in Resources */ = {isa = PBXBuildFile; fileRef = 651CCE231C762EAE00063198 /* Assets.xcassets */; };
		651CCE271C762EAE00063198 /* LaunchScreen.storyboard in Resources */ = {isa = PBXBuildFile; fileRef = 651CCE251C762EAE00063198 /* LaunchScreen.storyboard */; };
		651CCE2F1C7635B800063198 /* Cell.xib in Resources */ = {isa = PBXBuildFile; fileRef = 651CCE2E1C7635B800063198 /* Cell.xib */; };
/* End PBXBuildFile section */

/* Begin PBXFileReference section */
		651CCE191C762EAE00063198 /* tableview-autolayout.app */ = {isa = PBXFileReference; explicitFileType = wrapper.application; includeInIndex = 0; path = "tableview-autolayout.app"; sourceTree = BUILT_PRODUCTS_DIR; };
		651CCE1C1C762EAE00063198 /* AppDelegate.swift */ = {isa = PBXFileReference; lastKnownFileType = sourcecode.swift; path = AppDelegate.swift; sourceTree = "<group>"; };
		651CCE1E1C762EAE00063198 /* ViewController.swift */ = {isa = PBXFileReference; lastKnownFileType = sourcecode.swift; path = ViewController.swift; sourceTree = "<group>"; };
		651CCE211C762EAE00063198 /* Base */ = {isa = PBXFileReference; lastKnownFileType = file.storyboard; name = Base; path = Base.lproj/Main.storyboard; sourceTree = "<group>"; };
		651CCE231C762EAE00063198 /* Assets.xcassets */ = {isa = PBXFileReference; lastKnownFileType = folder.assetcatalog; path = Assets.xcassets; sourceTree = "<group>"; };
		651CCE261C762EAE00063198 /* Base */ = {isa = PBXFileReference; lastKnownFileType = file.storyboard; name = Base; path = Base.lproj/LaunchScreen.storyboard; sourceTree = "<group>"; };
		651CCE281C762EAE00063198 /* Info.plist */ = {isa = PBXFileReference; lastKnownFileType = text.plist.xml; path = Info.plist; sourceTree = "<group>"; };
		651CCE2E1C7635B800063198 /* Cell.xib */ = {isa = PBXFileReference; fileEncoding = 4; lastKnownFileType = file.xib; path = Cell.xib; sourceTree = "<group>"; };
/* End PBXFileReference section */

/* Begin PBXFrameworksBuildPhase section */
		651CCE161C762EAE00063198 /* Frameworks */ = {
			isa = PBXFrameworksBuildPhase;
			buildActionMask = 2147483647;
			files = (
			);
			runOnlyForDeploymentPostprocessing = 0;
		};
/* End PBXFrameworksBuildPhase section */

/* Begin PBXGroup section */
		651CCE101C762EAE00063198 = {
			isa = PBXGroup;
			children = (
				651CCE1B1C762EAE00063198 /* tableview-autolayout */,
				651CCE1A1C762EAE00063198 /* Products */,
			);
			sourceTree = "<group>";
		};
		651CCE1A1C762EAE00063198 /* Products */ = {
			isa = PBXGroup;
			children = (
				651CCE191C762EAE00063198 /* tableview-autolayout.app */,
			);
			name = Products;
			sourceTree = "<group>";
		};
		651CCE1B1C762EAE00063198 /* tableview-autolayout */ = {
			isa = PBXGroup;
			children = (
				651CCE1C1C762EAE00063198 /* AppDelegate.swift */,
				651CCE1E1C762EAE00063198 /* ViewController.swift */,
				651CCE201C762EAE00063198 /* Main.storyboard */,
				651CCE231C762EAE00063198 /* Assets.xcassets */,
				651CCE251C762EAE00063198 /* LaunchScreen.storyboard */,
				651CCE281C762EAE00063198 /* Info.plist */,
				651CCE2E1C7635B800063198 /* Cell.xib */,
			);
			path = "tableview-autolayout";
			sourceTree = "<group>";
		};
/* End PBXGroup section */

/* Begin PBXNativeTarget section */
		651CCE181C762EAE00063198 /* tableview-autolayout */ = {
			isa = PBXNativeTarget;
			buildConfigurationList = 651CCE2B1C762EAE00063198 /* Build configuration list for PBXNativeTarget "tableview-autolayout" */;
			buildPhases = (
				651CCE151C762EAE00063198 /* Sources */,
				651CCE161C762EAE00063198 /* Frameworks */,
				651CCE171C762EAE00063198 /* Resources */,
			);
			buildRules = (
			);
			dependencies = (
			);
			name = "tableview-autolayout";
			productName = "tableview-autolayout";
			productReference = 651CCE191C762EAE00063198 /* tableview-autolayout.app */;
			productType = "com.apple.product-type.application";
		};
/* End PBXNativeTarget section */

/* Begin PBXProject section */
		651CCE111C762EAE00063198 /* Project object */ = {
			isa = PBXProject;
			attributes = {
				LastSwiftUpdateCheck = 0720;
				LastUpgradeCheck = 0720;
				ORGANIZATIONNAME = "Tommy Chheng";
				TargetAttributes = {
					651CCE181C762EAE00063198 = {
						CreatedOnToolsVersion = 7.2.1;
					};
				};
			};
			buildConfigurationList = 651CCE141C762EAE00063198 /* Build configuration list for PBXProject "tableview-autolayout" */;
			compatibilityVersion = "Xcode 3.2";
			developmentRegion = English;
			hasScannedForEncodings = 0;
			knownRegions = (
				en,
				Base,
			);
			mainGroup = 651CCE101C762EAE00063198;
			productRefGroup = 651CCE1A1C762EAE00063198 /* Products */;
			projectDirPath = "";
			projectRoot = "";
			targets = (
				651CCE181C762EAE00063198 /* tableview-autolayout */,
			);
		};
/* End PBXProject section */

/* Begin PBXResourcesBuildPhase section */
		651CCE171C762EAE00063198 /* Resources */ = {
			isa = PBXResourcesBuildPhase;
			buildActionMask = 2147483647;
			files = (
				651CCE271C762EAE00063198 /* LaunchScreen.storyboard in Resources */,
				651CCE2F1C7635B800063198 /* Cell.xib in Resources */,
				651CCE241C762EAE00063198 /* Assets.xcassets in Resources */,
				651CCE221C762EAE00063198 /* Main.storyboard in Resources */,
			);
			runOnlyForDeploymentPostprocessing = 0;
		};
/* End PBXResourcesBuildPhase section */

/* Begin PBXSourcesBuildPhase section */
		651CCE151C762EAE00063198 /* Sources */ = {
			isa = PBXSourcesBuildPhase;
			buildActionMask = 2147483647;
			files = (
				651CCE1F1C762EAE00063198 /* ViewController.swift in Sources */,
				651CCE1D1C762EAE00063198 /* AppDelegate.swift in Sources */,
			);
			runOnlyForDeploymentPostprocessing = 0;
		};
/* End PBXSourcesBuildPhase section */

/* Begin PBXVariantGroup section */
		651CCE201C762EAE00063198 /* Main.storyboard */ = {
			isa = PBXVariantGroup;
			children = (
				651CCE211C762EAE00063198 /* Base */,
			);
			name = Main.storyboard;
			sourceTree = "<group>";
		};
		651CCE251C762EAE00063198 /* LaunchScreen.storyboard */ = {
			isa = PBXVariantGroup;
			children = (
				651CCE261C762EAE00063198 /* Base */,
			);
			name = LaunchScreen.storyboard;
			sourceTree = "<group>";
		};
/* End PBXVariantGroup section */

/* Begin XCBuildConfiguration section */
		651CCE291C762EAE00063198 /* Debug */ = {
			isa = XCBuildConfiguration;
			buildSettings = {
				ALWAYS_SEARCH_USER_PATHS = NO;
				CLANG_CXX_LANGUAGE_STANDARD = "gnu++0x";
				CLANG_CXX_LIBRARY = "libc++";
				CLANG_ENABLE_MODULES = YES;
				CLANG_ENABLE_OBJC_ARC = YES;
				CLANG_WARN_BOOL_CONVERSION = YES;
				CLANG_WARN_CONSTANT_CONVERSION = YES;
				CLANG_WARN_DIRECT_OBJC_ISA_USAGE = YES_ERROR;
				CLANG_WARN_EMPTY_BODY = YES;
				CLANG_WARN_ENUM_CONVERSION = YES;
				CLANG_WARN_INT_CONVERSION = YES;
				CLANG_WARN_OBJC_ROOT_CLASS = YES_ERROR;
				CLANG_WARN_UNREACHABLE_CODE = YES;
				CLANG_WARN__DUPLICATE_METHOD_MATCH = YES;
				"CODE_SIGN_IDENTITY[sdk=iphoneos*]" = "iPhone Developer";
				COPY_PHASE_STRIP = NO;
				DEBUG_INFORMATION_FORMAT = dwarf;
				ENABLE_STRICT_OBJC_MSGSEND = YES;
				ENABLE_TESTABILITY = YES;
				GCC_C_LANGUAGE_STANDARD = gnu99;
				GCC_DYNAMIC_NO_PIC = NO;
				GCC_NO_COMMON_BLOCKS = YES;
				GCC_OPTIMIZATION_LEVEL = 0;
				GCC_PREPROCESSOR_DEFINITIONS = (
					"DEBUG=1",
					"$(inherited)",
				);
				GCC_WARN_64_TO_32_BIT_CONVERSION = YES;
				GCC_WARN_ABOUT_RETURN_TYPE = YES_ERROR;
				GCC_WARN_UNDECLARED_SELECTOR = YES;
				GCC_WARN_UNINITIALIZED_AUTOS = YES_AGGRESSIVE;
				GCC_WARN_UNUSED_FUNCTION = YES;
				GCC_WARN_UNUSED_VARIABLE = YES;
				IPHONEOS_DEPLOYMENT_TARGET = 9.2;
				MTL_ENABLE_DEBUG_INFO = YES;
				ONLY_ACTIVE_ARCH = YES;
				SDKROOT = iphoneos;
				SWIFT_OPTIMIZATION_LEVEL = "-Onone";
				TARGETED_DEVICE_FAMILY = "1,2";
			};
			name = Debug;
		};
		651CCE2A1C762EAE00063198 /* Release */ = {
			isa = XCBuildConfiguration;
			buildSettings = {
				ALWAYS_SEARCH_USER_PATHS = NO;
				CLANG_CXX_LANGUAGE_STANDARD = "gnu++0x";
				CLANG_CXX_LIBRARY = "libc++";
				CLANG_ENABLE_MODULES = YES;
				CLANG_ENABLE_OBJC_ARC = YES;
				CLANG_WARN_BOOL_CONVERSION = YES;
				CLANG_WARN_CONSTANT_CONVERSION = YES;
				CLANG_WARN_DIRECT_OBJC_ISA_USAGE = YES_ERROR;
				CLANG_WARN_EMPTY_BODY = YES;
				CLANG_WARN_ENUM_CONVERSION = YES;
				CLANG_WARN_INT_CONVERSION = YES;
				CLANG_WARN_OBJC_ROOT_CLASS = YES_ERROR;
				CLANG_WARN_UNREACHABLE_CODE = YES;
				CLANG_WARN__DUPLICATE_METHOD_MATCH = YES;
				"CODE_SIGN_IDENTITY[sdk=iphoneos*]" = "iPhone Developer";
				COPY_PHASE_STRIP = NO;
				DEBUG_INFORMATION_FORMAT = "dwarf-with-dsym";
				ENABLE_NS_ASSERTIONS = NO;
				ENABLE_STRICT_OBJC_MSGSEND = YES;
				GCC_C_LANGUAGE_STANDARD = gnu99;
				GCC_NO_COMMON_BLOCKS = YES;
				GCC_WARN_64_TO_32_BIT_CONVERSION = YES;
				GCC_WARN_ABOUT_RETURN_TYPE = YES_ERROR;
				GCC_WARN_UNDECLARED_SELECTOR = YES;
				GCC_WARN_UNINITIALIZED_AUTOS = YES_AGGRESSIVE;
				GCC_WARN_UNUSED_FUNCTION = YES;
				GCC_WARN_UNUSED_VARIABLE = YES;
				IPHONEOS_DEPLOYMENT_TARGET = 9.2;
				MTL_ENABLE_DEBUG_INFO = NO;
				SDKROOT = iphoneos;
				TARGETED_DEVICE_FAMILY = "1,2";
				VALIDATE_PRODUCT = YES;
			};
			name = Release;
		};
		651CCE2C1C762EAE00063198 /* Debug */ = {
			isa = XCBuildConfiguration;
			buildSettings = {
				ASSETCATALOG_COMPILER_APPICON_NAME = AppIcon;
				INFOPLIST_FILE = "tableview-autolayout/Info.plist";
				LD_RUNPATH_SEARCH_PATHS = "$(inherited) @executable_path/Frameworks";
				PRODUCT_BUNDLE_IDENTIFIER = "com.test.tableview-autolayout";
				PRODUCT_NAME = "$(TARGET_NAME)";
			};
			name = Debug;
		};
		651CCE2D1C762EAE00063198 /* Release */ = {
			isa = XCBuildConfiguration;
			buildSettings = {
				ASSETCATALOG_COMPILER_APPICON_NAME = AppIcon;
				INFOPLIST_FILE = "tableview-autolayout/Info.plist";
				LD_RUNPATH_SEARCH_PATHS = "$(inherited) @executable_path/Frameworks";
				PRODUCT_BUNDLE_IDENTIFIER = "com.test.tableview-autolayout";
				PRODUCT_NAME = "$(TARGET_NAME)";
			};
			name = Release;
		};
/* End XCBuildConfiguration section */

/* Begin XCConfigurationList section */
		651CCE141C762EAE00063198 /* Build configuration list for PBXProject "tableview-autolayout" */ = {
			isa = XCConfigurationList;
			buildConfigurations = (
				651CCE291C762EAE00063198 /* Debug */,
				651CCE2A1C762EAE00063198 /* Release */,
			);
			defaultConfigurationIsVisible = 0;
			defaultConfigurationName = Release;
		};
		651CCE2B1C762EAE00063198 /* Build configuration list for PBXNativeTarget "tableview-autolayout" */ = {
			isa = XCConfigurationList;
			buildConfigurations = (
				651CCE2C1C762EAE00063198 /* Debug */,
				651CCE2D1C762EAE00063198 /* Release */,
			);
			defaultConfigurationIsVisible = 0;
		};
/* End XCConfigurationList section */
	};
	rootObject = 651CCE111C762EAE00063198 /* Project object */;
}
